
Microsoft Visual Studio Solution File, Format Version 12.00
# Visual Studio Version 17
VisualStudioVersion = 17.14.36301.6 d17.14
MinimumVisualStudioVersion = 10.0.40219.1
Project("{FAE04EC0-301F-11D3-BF4B-00C04F79EFBC}") = "OrderManagement.API", "OrderManagement.API\OrderManagement.API.csproj", "{7A2F43C7-33F4-4E7E-B647-876762C93811}"
EndProject
Project("{FAE04EC0-301F-11D3-BF4B-00C04F79EFBC}") = "OrderManagement.Core", "OrderManagement.Core\OrderManagement.Core.csproj", "{5AF9AEF9-51AA-402D-AD3E-7C4AD65F3EBA}"
EndProject
Project("{FAE04EC0-301F-11D3-BF4B-00C04F79EFBC}") = "OrderManagement.Infrastructure", "OrderManagement.Infrastructure\OrderManagement.Infrastructure.csproj", "{5BFE06C7-EBD1-442A-BFBB-FF7308A2DA33}"
EndProject
Global
	GlobalSection(SolutionConfigurationPlatforms) = preSolution
		Debug|Any CPU = Debug|Any CPU
		Release|Any CPU = Release|Any CPU
	EndGlobalSection
	GlobalSection(ProjectConfigurationPlatforms) = postSolution
		{7A2F43C7-33F4-4E7E-B647-876762C93811}.Debug|Any CPU.ActiveCfg = Debug|Any CPU
		{7A2F43C7-33F4-4E7E-B647-876762C93811}.Debug|Any CPU.Build.0 = Debug|Any CPU
		{7A2F43C7-33F4-4E7E-B647-876762C93811}.Release|Any CPU.ActiveCfg = Release|Any CPU
		{7A2F43C7-33F4-4E7E-B647-876762C93811}.Release|Any CPU.Build.0 = Release|Any CPU
		{5AF9AEF9-51AA-402D-AD3E-7C4AD65F3EBA}.Debug|Any CPU.ActiveCfg = Debug|Any CPU
		{5AF9AEF9-51AA-402D-AD3E-7C4AD65F3EBA}.Debug|Any CPU.Build.0 = Debug|Any CPU
		{5AF9AEF9-51AA-402D-AD3E-7C4AD65F3EBA}.Release|Any CPU.ActiveCfg = Release|Any CPU
		{5AF9AEF9-51AA-402D-AD3E-7C4AD65F3EBA}.Release|Any CPU.Build.0 = Release|Any CPU
		{5BFE06C7-EBD1-442A-BFBB-FF7308A2DA33}.Debug|Any CPU.ActiveCfg = Debug|Any CPU
		{5BFE06C7-EBD1-442A-BFBB-FF7308A2DA33}.Debug|Any CPU.Build.0 = Debug|Any CPU
		{5BFE06C7-EBD1-442A-BFBB-FF7308A2DA33}.Release|Any CPU.ActiveCfg = Release|Any CPU
		{5BFE06C7-EBD1-442A-BFBB-FF7308A2DA33}.Release|Any CPU.Build.0 = Release|Any CPU
	EndGlobalSection
	GlobalSection(SolutionProperties) = preSolution
		HideSolutionNode = FALSE
	EndGlobalSection
	GlobalSection(ExtensibilityGlobals) = postSolution
		SolutionGuid = {79A6FA0F-CF12-48AA-B352-3EB8907CBF32}
	EndGlobalSection
EndGlobal
